
Microsoft Visual Studio Solution File, Format Version 12.00
# Visual Studio 15
Project("{F2A71F9B-5D33-465A-A702-920D77279786}") = "af2517", "af2517.fsproj", "{9C644ADC-E1B0-49EB-9D7F-77976B52B479}"
EndProject
Global
	GlobalSection(SolutionConfigurationPlatforms) = preSolution
		Debug|Any CPU = Debug|Any CPU
		Release|Any CPU = Release|Any CPU
	EndGlobalSection
	GlobalSection(ProjectConfigurationPlatforms) = postSolution
		{9C644ADC-E1B0-49EB-9D7F-77976B52B479}.Debug|Any CPU.ActiveCfg = Debug|Any CPU
		{9C644ADC-E1B0-49EB-9D7F-77976B52B479}.Debug|Any CPU.Build.0 = Debug|Any CPU
		{9C644ADC-E1B0-49EB-9D7F-77976B52B479}.Release|Any CPU.ActiveCfg = Release|Any CPU
		{9C644ADC-E1B0-49EB-9D7F-77976B52B479}.Release|Any CPU.Build.0 = Release|Any CPU
	EndGlobalSection
EndGlobal
