
Microsoft Visual Studio Solution File, Format Version 12.00
# Visual Studio 15
Project("{F2A71F9B-5D33-465A-A702-920D77279786}") = "vn1417", "vn1417.fsproj", "{F1AC79E4-D968-4D47-8A8D-7F3BD26CCB17}"
EndProject
Global
	GlobalSection(SolutionConfigurationPlatforms) = preSolution
		Debug|Any CPU = Debug|Any CPU
		Release|Any CPU = Release|Any CPU
	EndGlobalSection
	GlobalSection(ProjectConfigurationPlatforms) = postSolution
		{F1AC79E4-D968-4D47-8A8D-7F3BD26CCB17}.Debug|Any CPU.ActiveCfg = Debug|Any CPU
		{F1AC79E4-D968-4D47-8A8D-7F3BD26CCB17}.Debug|Any CPU.Build.0 = Debug|Any CPU
		{F1AC79E4-D968-4D47-8A8D-7F3BD26CCB17}.Release|Any CPU.ActiveCfg = Release|Any CPU
		{F1AC79E4-D968-4D47-8A8D-7F3BD26CCB17}.Release|Any CPU.Build.0 = Release|Any CPU
	EndGlobalSection
EndGlobal
